
Microsoft Visual Studio Solution File, Format Version 12.00
# Visual Studio Version 17
VisualStudioVersion = 17.4.33122.133
MinimumVisualStudioVersion = 10.0.40219.1
Project("{FAE04EC0-301F-11D3-BF4B-00C04F79EFBC}") = "TheLegacyVoyage", "TheLegacyVoyage\TheLegacyVoyage.csproj", "{D17D3971-4E62-4B52-8CE1-A125548F129F}"
EndProject
Global
	GlobalSection(SolutionConfigurationPlatforms) = preSolution
		Debug|Any CPU = Debug|Any CPU
		Release|Any CPU = Release|Any CPU
	EndGlobalSection
	GlobalSection(ProjectConfigurationPlatforms) = postSolution
		{D17D3971-4E62-4B52-8CE1-A125548F129F}.Debug|Any CPU.ActiveCfg = Debug|Any CPU
		{D17D3971-4E62-4B52-8CE1-A125548F129F}.Debug|Any CPU.Build.0 = Debug|Any CPU
		{D17D3971-4E62-4B52-8CE1-A125548F129F}.Release|Any CPU.ActiveCfg = Release|Any CPU
		{D17D3971-4E62-4B52-8CE1-A125548F129F}.Release|Any CPU.Build.0 = Release|Any CPU
	EndGlobalSection
	GlobalSection(SolutionProperties) = preSolution
		HideSolutionNode = FALSE
	EndGlobalSection
	GlobalSection(ExtensibilityGlobals) = postSolution
		SolutionGuid = {B7B8FFC1-109B-4199-8AC2-E818B644939B}
	EndGlobalSection
EndGlobal
